{
    "version": 3,
    "terraform_version": "0.11.1",
    "serial": 26,
    "lineage": "d178083d-363b-46e6-8724-0866af5df1e1",
    "modules": [
        {
            "path": [
                "root"
            ],
            "outputs": {},
            "resources": {
                "opentelekomcloud_vpc_v1.vpc_v1": {
                    "type": "opentelekomcloud_vpc_v1",
                    "depends_on": [],
                    "primary": {
                        "id": "c98d2ce0-3621-49fa-b8ec-85c5917ebaa3",
                        "attributes": {
                            "cidr": "192.168.0.0/23",
                            "enable_shared_snat": "false",
                            "id": "c98d2ce0-3621-49fa-b8ec-85c5917ebaa3",
                            "name": "dfdd",
                            "region": "eu-de",
                            "status": "OK"
                        },
                        "meta": {
                            "e2bfb730-ecaa-11e6-8f88-34363bc7c4c0": {
                                "create": 600000000000,
                                "delete": 600000000000
                            }
                        },
                        "tainted": false
                    },
                    "deposed": [],
                    "provider": "provider.opentelekomcloud"
                }
            },
            "depends_on": []
        }
    ]
}
